Microsoft Visual Studio Solution File, Format Version 12.00
# Visual Studio 2013
VisualStudioVersion = 12.0.31101.0
MinimumVisualStudioVersion = 10.0.40219.1
Project("{8BC9CEB8-8B4A-11D0-8D11-00A0C91BC942}") = "ace", "VC120\ace.vcxproj", "{D70895A7-4EA1-48BE-A557-834D4357BAD3}"
EndProject
Project("{8BC9CEB8-8B4A-11D0-8D11-00A0C91BC942}") = "bzip2", "VC120\bzip2.vcxproj", "{BC139E42-505E-430B-8610-6ED2B1E358E8}"
	ProjectSection(ProjectDependencies) = postProject
		{78424708-1F6E-4D4B-920C-FB6D26847055} = {78424708-1F6E-4D4B-920C-FB6D26847055}
	EndProjectSection
EndProject
Project("{8BC9CEB8-8B4A-11D0-8D11-00A0C91BC942}") = "detour", "VC120\detour.vcxproj", "{3FECACB6-BD35-4857-BF55-A56B5E6C6D77}"
EndProject
Project("{8BC9CEB8-8B4A-11D0-8D11-00A0C91BC942}") = "framework", "VC120\framework.vcxproj", "{915B99FF-5340-4BCE-AAE7-D3737443498B}"
	ProjectSection(ProjectDependencies) = postProject
		{D70895A7-4EA1-48BE-A557-834D4357BAD3} = {D70895A7-4EA1-48BE-A557-834D4357BAD3}
	EndProjectSection
EndProject
Project("{8BC9CEB8-8B4A-11D0-8D11-00A0C91BC942}") = "g3dlite", "VC120\g3dlite.vcxproj", "{367CCE76-14A7-4871-93D6-579DA35FBEFD}"
	ProjectSection(ProjectDependencies) = postProject
		{8D3CF9B7-05F2-4BCF-B833-27B279FDEAF3} = {8D3CF9B7-05F2-4BCF-B833-27B279FDEAF3}
	EndProjectSection
EndProject
Project("{8BC9CEB8-8B4A-11D0-8D11-00A0C91BC942}") = "game", "VC120\game.vcxproj", "{C69C7C98-6E13-4A3A-BD7C-7BA82BAA1933}"
	ProjectSection(ProjectDependencies) = postProject
		{DA729B06-9097-4DA6-A86C-E97BC843B7C2} = {DA729B06-9097-4DA6-A86C-E97BC843B7C2}
		{A2F9FB91-326B-4214-A988-AA1832D590CE} = {A2F9FB91-326B-4214-A988-AA1832D590CE}
		{594C9AA1-A759-4DEB-A6E4-F079A5DFBA31} = {594C9AA1-A759-4DEB-A6E4-F079A5DFBA31}
		{D70895A7-4EA1-48BE-A557-834D4357BAD3} = {D70895A7-4EA1-48BE-A557-834D4357BAD3}
		{3FECACB6-BD35-4857-BF55-A56B5E6C6D77} = {3FECACB6-BD35-4857-BF55-A56B5E6C6D77}
	EndProjectSection
EndProject
Project("{8BC9CEB8-8B4A-11D0-8D11-00A0C91BC942}") = "gsoap", "VC120\gsoap.vcxproj", "{53CF48ED-FEFE-4165-A9CA-F000ABC572B6}"
EndProject
Project("{8BC9CEB8-8B4A-11D0-8D11-00A0C91BC942}") = "libmpq", "VC120\libmpq.vcxproj", "{449D15D0-B3B9-4195-AB9C-E205FF77ABBE}"
	ProjectSection(ProjectDependencies) = postProject
		{BC139E42-505E-430B-8610-6ED2B1E358E8} = {BC139E42-505E-430B-8610-6ED2B1E358E8}
	EndProjectSection
EndProject
Project("{8BC9CEB8-8B4A-11D0-8D11-00A0C91BC942}") = "loadlib", "VC120\loadlib.vcxproj", "{29E1FE24-1C69-4E6B-945D-02544988A5FA}"
	ProjectSection(ProjectDependencies) = postProject
		{8D3CF9B7-05F2-4BCF-B833-27B279FDEAF3} = {8D3CF9B7-05F2-4BCF-B833-27B279FDEAF3}
	EndProjectSection
EndProject
Project("{8BC9CEB8-8B4A-11D0-8D11-00A0C91BC942}") = "mangosd", "VC120\mangosd.vcxproj", "{485F08B8-BAD4-47C1-8B49-17B9949B123E}"
	ProjectSection(ProjectDependencies) = postProject
		{DA729B06-9097-4DA6-A86C-E97BC843B7C2} = {DA729B06-9097-4DA6-A86C-E97BC843B7C2}
		{367CCE76-14A7-4871-93D6-579DA35FBEFD} = {367CCE76-14A7-4871-93D6-579DA35FBEFD}
		{C69C7C98-6E13-4A3A-BD7C-7BA82BAA1933} = {C69C7C98-6E13-4A3A-BD7C-7BA82BAA1933}
		{594C9AA1-A759-4DEB-A6E4-F079A5DFBA31} = {594C9AA1-A759-4DEB-A6E4-F079A5DFBA31}
		{D70895A7-4EA1-48BE-A557-834D4357BAD3} = {D70895A7-4EA1-48BE-A557-834D4357BAD3}
		{3FECACB6-BD35-4857-BF55-A56B5E6C6D77} = {3FECACB6-BD35-4857-BF55-A56B5E6C6D77}
		{8D3CF9B7-05F2-4BCF-B833-27B279FDEAF3} = {8D3CF9B7-05F2-4BCF-B833-27B279FDEAF3}
		{53CF48ED-FEFE-4165-A9CA-F000ABC572B6} = {53CF48ED-FEFE-4165-A9CA-F000ABC572B6}
		{915B99FF-5340-4BCE-AAE7-D3737443498B} = {915B99FF-5340-4BCE-AAE7-D3737443498B}
	EndProjectSection
EndProject
Project("{8BC9CEB8-8B4A-11D0-8D11-00A0C91BC942}") = "mangosscript", "VC120\mangosscript.vcxproj", "{DA729B06-9097-4DA6-A86C-E97BC843B7C2}"
	ProjectSection(ProjectDependencies) = postProject
		{A2F9FB91-326B-4214-A988-AA1832D590CE} = {A2F9FB91-326B-4214-A988-AA1832D590CE}
		{D70895A7-4EA1-48BE-A557-834D4357BAD3} = {D70895A7-4EA1-48BE-A557-834D4357BAD3}
	EndProjectSection
EndProject
Project("{8BC9CEB8-8B4A-11D0-8D11-00A0C91BC942}") = "realmd", "VC120\realmd.vcxproj", "{23AFA1F9-A301-4123-81D8-777D3DE349C4}"
	ProjectSection(ProjectDependencies) = postProject
		{A2F9FB91-326B-4214-A988-AA1832D590CE} = {A2F9FB91-326B-4214-A988-AA1832D590CE}
		{594C9AA1-A759-4DEB-A6E4-F079A5DFBA31} = {594C9AA1-A759-4DEB-A6E4-F079A5DFBA31}
		{D70895A7-4EA1-48BE-A557-834D4357BAD3} = {D70895A7-4EA1-48BE-A557-834D4357BAD3}
		{915B99FF-5340-4BCE-AAE7-D3737443498B} = {915B99FF-5340-4BCE-AAE7-D3737443498B}
	EndProjectSection
EndProject
Project("{8BC9CEB8-8B4A-11D0-8D11-00A0C91BC942}") = "recast", "VC120\recast.vcxproj", "{467226FB-7838-43FF-8ECA-199FAEA760D6}"
EndProject
Project("{8BC9CEB8-8B4A-11D0-8D11-00A0C91BC942}") = "shared", "VC120\shared.vcxproj", "{594C9AA1-A759-4DEB-A6E4-F079A5DFBA31}"
	ProjectSection(ProjectDependencies) = postProject
		{D70895A7-4EA1-48BE-A557-834D4357BAD3} = {D70895A7-4EA1-48BE-A557-834D4357BAD3}
	EndProjectSection
EndProject
Project("{8BC9CEB8-8B4A-11D0-8D11-00A0C91BC942}") = "vmap", "VC120\vmap.vcxproj", "{3C86FD37-9872-4302-A502-740E7D028D3A}"
	ProjectSection(ProjectDependencies) = postProject
		{367CCE76-14A7-4871-93D6-579DA35FBEFD} = {367CCE76-14A7-4871-93D6-579DA35FBEFD}
		{8D3CF9B7-05F2-4BCF-B833-27B279FDEAF3} = {8D3CF9B7-05F2-4BCF-B833-27B279FDEAF3}
	EndProjectSection
EndProject
Project("{8BC9CEB8-8B4A-11D0-8D11-00A0C91BC942}") = "zlib", "VC120\zlib.vcxproj", "{8D3CF9B7-05F2-4BCF-B833-27B279FDEAF3}"
EndProject
Project("{8BC9CEB8-8B4A-11D0-8D11-00A0C91BC942}") = "CopytoOutput", "VC120\CopytoOutput.vcxproj", "{8D43785F-8B15-42AA-A8D1-6DE482FC06B8}"
	ProjectSection(ProjectDependencies) = postProject
		{485F08B8-BAD4-47C1-8B49-17B9949B123E} = {485F08B8-BAD4-47C1-8B49-17B9949B123E}
		{23AFA1F9-A301-4123-81D8-777D3DE349C4} = {23AFA1F9-A301-4123-81D8-777D3DE349C4}
	EndProjectSection
EndProject
Project("{8BC9CEB8-8B4A-11D0-8D11-00A0C91BC942}") = "CopySystemConfig", "VC120\CopySystemConfig.vcxproj", "{A2F9FB91-326B-4214-A988-AA1832D590CE}"
EndProject
Project("{8BC9CEB8-8B4A-11D0-8D11-00A0C91BC942}") = "StormLib", "VC120\StormLib.vcxproj", "{78424708-1F6E-4D4B-920C-FB6D26847055}"
EndProject
Global
	GlobalSection(SolutionConfigurationPlatforms) = preSolution
		Debug|Win32 = Debug|Win32
		Debug|x64 = Debug|x64
		DebugAD|Win32 = DebugAD|Win32
		DebugAD|x64 = DebugAD|x64
		DebugAS|Win32 = DebugAS|Win32
		DebugAS|x64 = DebugAS|x64
		Release|Win32 = Release|Win32
		Release|x64 = Release|x64
		ReleaseAD|Win32 = ReleaseAD|Win32
		ReleaseAD|x64 = ReleaseAD|x64
		ReleaseAS|Win32 = ReleaseAS|Win32
		ReleaseAS|x64 = ReleaseAS|x64
	EndGlobalSection
	GlobalSection(ProjectConfigurationPlatforms) = postSolution
		{D70895A7-4EA1-48BE-A557-834D4357BAD3}.Debug|Win32.ActiveCfg = Debug|Win32
		{D70895A7-4EA1-48BE-A557-834D4357BAD3}.Debug|Win32.Build.0 = Debug|Win32
		{D70895A7-4EA1-48BE-A557-834D4357BAD3}.Debug|x64.ActiveCfg = Debug|Win32
		{D70895A7-4EA1-48BE-A557-834D4357BAD3}.DebugAD|Win32.ActiveCfg = Debug|Win32
		{D70895A7-4EA1-48BE-A557-834D4357BAD3}.DebugAD|Win32.Build.0 = Debug|Win32
		{D70895A7-4EA1-48BE-A557-834D4357BAD3}.DebugAD|x64.ActiveCfg = Debug|Win32
		{D70895A7-4EA1-48BE-A557-834D4357BAD3}.DebugAS|Win32.ActiveCfg = Debug|Win32
		{D70895A7-4EA1-48BE-A557-834D4357BAD3}.DebugAS|Win32.Build.0 = Debug|Win32
		{D70895A7-4EA1-48BE-A557-834D4357BAD3}.DebugAS|x64.ActiveCfg = Debug|Win32
		{D70895A7-4EA1-48BE-A557-834D4357BAD3}.Release|Win32.ActiveCfg = Release|Win32
		{D70895A7-4EA1-48BE-A557-834D4357BAD3}.Release|Win32.Build.0 = Release|Win32
		{D70895A7-4EA1-48BE-A557-834D4357BAD3}.Release|x64.ActiveCfg = Release|Win32
		{D70895A7-4EA1-48BE-A557-834D4357BAD3}.ReleaseAD|Win32.ActiveCfg = Release|Win32
		{D70895A7-4EA1-48BE-A557-834D4357BAD3}.ReleaseAD|Win32.Build.0 = Release|Win32
		{D70895A7-4EA1-48BE-A557-834D4357BAD3}.ReleaseAD|x64.ActiveCfg = Release|Win32
		{D70895A7-4EA1-48BE-A557-834D4357BAD3}.ReleaseAS|Win32.ActiveCfg = Release|Win32
		{D70895A7-4EA1-48BE-A557-834D4357BAD3}.ReleaseAS|Win32.Build.0 = Release|Win32
		{D70895A7-4EA1-48BE-A557-834D4357BAD3}.ReleaseAS|x64.ActiveCfg = Release|Win32
		{BC139E42-505E-430B-8610-6ED2B1E358E8}.Debug|Win32.ActiveCfg = Debug|Win32
		{BC139E42-505E-430B-8610-6ED2B1E358E8}.Debug|Win32.Build.0 = Debug|Win32
		{BC139E42-505E-430B-8610-6ED2B1E358E8}.Debug|x64.ActiveCfg = Debug|Win32
		{BC139E42-505E-430B-8610-6ED2B1E358E8}.DebugAD|Win32.ActiveCfg = Debug|Win32
		{BC139E42-505E-430B-8610-6ED2B1E358E8}.DebugAD|Win32.Build.0 = Debug|Win32
		{BC139E42-505E-430B-8610-6ED2B1E358E8}.DebugAD|x64.ActiveCfg = Debug|Win32
		{BC139E42-505E-430B-8610-6ED2B1E358E8}.DebugAS|Win32.ActiveCfg = Debug|Win32
		{BC139E42-505E-430B-8610-6ED2B1E358E8}.DebugAS|Win32.Build.0 = Debug|Win32
		{BC139E42-505E-430B-8610-6ED2B1E358E8}.DebugAS|x64.ActiveCfg = Debug|Win32
		{BC139E42-505E-430B-8610-6ED2B1E358E8}.Release|Win32.ActiveCfg = Release|Win32
		{BC139E42-505E-430B-8610-6ED2B1E358E8}.Release|Win32.Build.0 = Release|Win32
		{BC139E42-505E-430B-8610-6ED2B1E358E8}.Release|x64.ActiveCfg = Release|Win32
		{BC139E42-505E-430B-8610-6ED2B1E358E8}.ReleaseAD|Win32.ActiveCfg = Release|Win32
		{BC139E42-505E-430B-8610-6ED2B1E358E8}.ReleaseAD|Win32.Build.0 = Release|Win32
		{BC139E42-505E-430B-8610-6ED2B1E358E8}.ReleaseAD|x64.ActiveCfg = Release|Win32
		{BC139E42-505E-430B-8610-6ED2B1E358E8}.ReleaseAS|Win32.ActiveCfg = Release|Win32
		{BC139E42-505E-430B-8610-6ED2B1E358E8}.ReleaseAS|Win32.Build.0 = Release|Win32
		{BC139E42-505E-430B-8610-6ED2B1E358E8}.ReleaseAS|x64.ActiveCfg = Release|Win32
		{3FECACB6-BD35-4857-BF55-A56B5E6C6D77}.Debug|Win32.ActiveCfg = Debug|Win32
		{3FECACB6-BD35-4857-BF55-A56B5E6C6D77}.Debug|Win32.Build.0 = Debug|Win32
		{3FECACB6-BD35-4857-BF55-A56B5E6C6D77}.Debug|x64.ActiveCfg = Debug|Win32
		{3FECACB6-BD35-4857-BF55-A56B5E6C6D77}.DebugAD|Win32.ActiveCfg = Debug|Win32
		{3FECACB6-BD35-4857-BF55-A56B5E6C6D77}.DebugAD|Win32.Build.0 = Debug|Win32
		{3FECACB6-BD35-4857-BF55-A56B5E6C6D77}.DebugAD|x64.ActiveCfg = Debug|Win32
		{3FECACB6-BD35-4857-BF55-A56B5E6C6D77}.DebugAS|Win32.ActiveCfg = Debug|Win32
		{3FECACB6-BD35-4857-BF55-A56B5E6C6D77}.DebugAS|Win32.Build.0 = Debug|Win32
		{3FECACB6-BD35-4857-BF55-A56B5E6C6D77}.DebugAS|x64.ActiveCfg = Debug|Win32
		{3FECACB6-BD35-4857-BF55-A56B5E6C6D77}.Release|Win32.ActiveCfg = Release|Win32
		{3FECACB6-BD35-4857-BF55-A56B5E6C6D77}.Release|Win32.Build.0 = Release|Win32
		{3FECACB6-BD35-4857-BF55-A56B5E6C6D77}.Release|x64.ActiveCfg = Release|Win32
		{3FECACB6-BD35-4857-BF55-A56B5E6C6D77}.ReleaseAD|Win32.ActiveCfg = Release|Win32
		{3FECACB6-BD35-4857-BF55-A56B5E6C6D77}.ReleaseAD|Win32.Build.0 = Release|Win32
		{3FECACB6-BD35-4857-BF55-A56B5E6C6D77}.ReleaseAD|x64.ActiveCfg = Release|Win32
		{3FECACB6-BD35-4857-BF55-A56B5E6C6D77}.ReleaseAS|Win32.ActiveCfg = Release|Win32
		{3FECACB6-BD35-4857-BF55-A56B5E6C6D77}.ReleaseAS|Win32.Build.0 = Release|Win32
		{3FECACB6-BD35-4857-BF55-A56B5E6C6D77}.ReleaseAS|x64.ActiveCfg = Release|Win32
		{915B99FF-5340-4BCE-AAE7-D3737443498B}.Debug|Win32.ActiveCfg = Debug|Win32
		{915B99FF-5340-4BCE-AAE7-D3737443498B}.Debug|Win32.Build.0 = Debug|Win32
		{915B99FF-5340-4BCE-AAE7-D3737443498B}.Debug|x64.ActiveCfg = Debug|Win32
		{915B99FF-5340-4BCE-AAE7-D3737443498B}.DebugAD|Win32.ActiveCfg = Debug|Win32
		{915B99FF-5340-4BCE-AAE7-D3737443498B}.DebugAD|Win32.Build.0 = Debug|Win32
		{915B99FF-5340-4BCE-AAE7-D3737443498B}.DebugAD|x64.ActiveCfg = Debug|Win32
		{915B99FF-5340-4BCE-AAE7-D3737443498B}.DebugAS|Win32.ActiveCfg = Debug|Win32
		{915B99FF-5340-4BCE-AAE7-D3737443498B}.DebugAS|Win32.Build.0 = Debug|Win32
		{915B99FF-5340-4BCE-AAE7-D3737443498B}.DebugAS|x64.ActiveCfg = Debug|Win32
		{915B99FF-5340-4BCE-AAE7-D3737443498B}.Release|Win32.ActiveCfg = Release|Win32
		{915B99FF-5340-4BCE-AAE7-D3737443498B}.Release|Win32.Build.0 = Release|Win32
		{915B99FF-5340-4BCE-AAE7-D3737443498B}.Release|x64.ActiveCfg = Release|Win32
		{915B99FF-5340-4BCE-AAE7-D3737443498B}.ReleaseAD|Win32.ActiveCfg = Release|Win32
		{915B99FF-5340-4BCE-AAE7-D3737443498B}.ReleaseAD|Win32.Build.0 = Release|Win32
		{915B99FF-5340-4BCE-AAE7-D3737443498B}.ReleaseAD|x64.ActiveCfg = Release|Win32
		{915B99FF-5340-4BCE-AAE7-D3737443498B}.ReleaseAS|Win32.ActiveCfg = Release|Win32
		{915B99FF-5340-4BCE-AAE7-D3737443498B}.ReleaseAS|Win32.Build.0 = Release|Win32
		{915B99FF-5340-4BCE-AAE7-D3737443498B}.ReleaseAS|x64.ActiveCfg = Release|Win32
		{367CCE76-14A7-4871-93D6-579DA35FBEFD}.Debug|Win32.ActiveCfg = Debug|Win32
		{367CCE76-14A7-4871-93D6-579DA35FBEFD}.Debug|Win32.Build.0 = Debug|Win32
		{367CCE76-14A7-4871-93D6-579DA35FBEFD}.Debug|x64.ActiveCfg = Debug|Win32
		{367CCE76-14A7-4871-93D6-579DA35FBEFD}.DebugAD|Win32.ActiveCfg = Debug|Win32
		{367CCE76-14A7-4871-93D6-579DA35FBEFD}.DebugAD|Win32.Build.0 = Debug|Win32
		{367CCE76-14A7-4871-93D6-579DA35FBEFD}.DebugAD|x64.ActiveCfg = Debug|Win32
		{367CCE76-14A7-4871-93D6-579DA35FBEFD}.DebugAS|Win32.ActiveCfg = Debug|Win32
		{367CCE76-14A7-4871-93D6-579DA35FBEFD}.DebugAS|Win32.Build.0 = Debug|Win32
		{367CCE76-14A7-4871-93D6-579DA35FBEFD}.DebugAS|x64.ActiveCfg = Debug|Win32
		{367CCE76-14A7-4871-93D6-579DA35FBEFD}.Release|Win32.ActiveCfg = Release|Win32
		{367CCE76-14A7-4871-93D6-579DA35FBEFD}.Release|Win32.Build.0 = Release|Win32
		{367CCE76-14A7-4871-93D6-579DA35FBEFD}.Release|x64.ActiveCfg = Release|Win32
		{367CCE76-14A7-4871-93D6-579DA35FBEFD}.ReleaseAD|Win32.ActiveCfg = Release|Win32
		{367CCE76-14A7-4871-93D6-579DA35FBEFD}.ReleaseAD|Win32.Build.0 = Release|Win32
		{367CCE76-14A7-4871-93D6-579DA35FBEFD}.ReleaseAD|x64.ActiveCfg = Release|Win32
		{367CCE76-14A7-4871-93D6-579DA35FBEFD}.ReleaseAS|Win32.ActiveCfg = Release|Win32
		{367CCE76-14A7-4871-93D6-579DA35FBEFD}.ReleaseAS|Win32.Build.0 = Release|Win32
		{367CCE76-14A7-4871-93D6-579DA35FBEFD}.ReleaseAS|x64.ActiveCfg = Release|Win32
		{C69C7C98-6E13-4A3A-BD7C-7BA82BAA1933}.Debug|Win32.ActiveCfg = Debug|Win32
		{C69C7C98-6E13-4A3A-BD7C-7BA82BAA1933}.Debug|Win32.Build.0 = Debug|Win32
		{C69C7C98-6E13-4A3A-BD7C-7BA82BAA1933}.Debug|x64.ActiveCfg = Debug|Win32
		{C69C7C98-6E13-4A3A-BD7C-7BA82BAA1933}.DebugAD|Win32.ActiveCfg = Debug|Win32
		{C69C7C98-6E13-4A3A-BD7C-7BA82BAA1933}.DebugAD|Win32.Build.0 = Debug|Win32
		{C69C7C98-6E13-4A3A-BD7C-7BA82BAA1933}.DebugAD|x64.ActiveCfg = Debug|Win32
		{C69C7C98-6E13-4A3A-BD7C-7BA82BAA1933}.DebugAS|Win32.ActiveCfg = Debug|Win32
		{C69C7C98-6E13-4A3A-BD7C-7BA82BAA1933}.DebugAS|Win32.Build.0 = Debug|Win32
		{C69C7C98-6E13-4A3A-BD7C-7BA82BAA1933}.DebugAS|x64.ActiveCfg = Debug|Win32
		{C69C7C98-6E13-4A3A-BD7C-7BA82BAA1933}.Release|Win32.ActiveCfg = Release|Win32
		{C69C7C98-6E13-4A3A-BD7C-7BA82BAA1933}.Release|Win32.Build.0 = Release|Win32
		{C69C7C98-6E13-4A3A-BD7C-7BA82BAA1933}.Release|x64.ActiveCfg = Release|Win32
		{C69C7C98-6E13-4A3A-BD7C-7BA82BAA1933}.ReleaseAD|Win32.ActiveCfg = Release|Win32
		{C69C7C98-6E13-4A3A-BD7C-7BA82BAA1933}.ReleaseAD|Win32.Build.0 = Release|Win32
		{C69C7C98-6E13-4A3A-BD7C-7BA82BAA1933}.ReleaseAD|x64.ActiveCfg = Release|Win32
		{C69C7C98-6E13-4A3A-BD7C-7BA82BAA1933}.ReleaseAS|Win32.ActiveCfg = Release|Win32
		{C69C7C98-6E13-4A3A-BD7C-7BA82BAA1933}.ReleaseAS|Win32.Build.0 = Release|Win32
		{C69C7C98-6E13-4A3A-BD7C-7BA82BAA1933}.ReleaseAS|x64.ActiveCfg = Release|Win32
		{53CF48ED-FEFE-4165-A9CA-F000ABC572B6}.Debug|Win32.ActiveCfg = Debug|Win32
		{53CF48ED-FEFE-4165-A9CA-F000ABC572B6}.Debug|Win32.Build.0 = Debug|Win32
		{53CF48ED-FEFE-4165-A9CA-F000ABC572B6}.Debug|x64.ActiveCfg = Debug|Win32
		{53CF48ED-FEFE-4165-A9CA-F000ABC572B6}.DebugAD|Win32.ActiveCfg = Debug|Win32
		{53CF48ED-FEFE-4165-A9CA-F000ABC572B6}.DebugAD|Win32.Build.0 = Debug|Win32
		{53CF48ED-FEFE-4165-A9CA-F000ABC572B6}.DebugAD|x64.ActiveCfg = Debug|Win32
		{53CF48ED-FEFE-4165-A9CA-F000ABC572B6}.DebugAS|Win32.ActiveCfg = Debug|Win32
		{53CF48ED-FEFE-4165-A9CA-F000ABC572B6}.DebugAS|Win32.Build.0 = Debug|Win32
		{53CF48ED-FEFE-4165-A9CA-F000ABC572B6}.DebugAS|x64.ActiveCfg = Debug|Win32
		{53CF48ED-FEFE-4165-A9CA-F000ABC572B6}.Release|Win32.ActiveCfg = Release|Win32
		{53CF48ED-FEFE-4165-A9CA-F000ABC572B6}.Release|Win32.Build.0 = Release|Win32
		{53CF48ED-FEFE-4165-A9CA-F000ABC572B6}.Release|x64.ActiveCfg = Release|Win32
		{53CF48ED-FEFE-4165-A9CA-F000ABC572B6}.ReleaseAD|Win32.ActiveCfg = Release|Win32
		{53CF48ED-FEFE-4165-A9CA-F000ABC572B6}.ReleaseAD|Win32.Build.0 = Release|Win32
		{53CF48ED-FEFE-4165-A9CA-F000ABC572B6}.ReleaseAD|x64.ActiveCfg = Release|Win32
		{53CF48ED-FEFE-4165-A9CA-F000ABC572B6}.ReleaseAS|Win32.ActiveCfg = Release|Win32
		{53CF48ED-FEFE-4165-A9CA-F000ABC572B6}.ReleaseAS|Win32.Build.0 = Release|Win32
		{53CF48ED-FEFE-4165-A9CA-F000ABC572B6}.ReleaseAS|x64.ActiveCfg = Release|Win32
		{449D15D0-B3B9-4195-AB9C-E205FF77ABBE}.Debug|Win32.ActiveCfg = Debug|Win32
		{449D15D0-B3B9-4195-AB9C-E205FF77ABBE}.Debug|Win32.Build.0 = Debug|Win32
		{449D15D0-B3B9-4195-AB9C-E205FF77ABBE}.Debug|x64.ActiveCfg = Debug|Win32
		{449D15D0-B3B9-4195-AB9C-E205FF77ABBE}.DebugAD|Win32.ActiveCfg = Debug|Win32
		{449D15D0-B3B9-4195-AB9C-E205FF77ABBE}.DebugAD|Win32.Build.0 = Debug|Win32
		{449D15D0-B3B9-4195-AB9C-E205FF77ABBE}.DebugAD|x64.ActiveCfg = Debug|Win32
		{449D15D0-B3B9-4195-AB9C-E205FF77ABBE}.DebugAS|Win32.ActiveCfg = Debug|Win32
		{449D15D0-B3B9-4195-AB9C-E205FF77ABBE}.DebugAS|Win32.Build.0 = Debug|Win32
		{449D15D0-B3B9-4195-AB9C-E205FF77ABBE}.DebugAS|x64.ActiveCfg = Debug|Win32
		{449D15D0-B3B9-4195-AB9C-E205FF77ABBE}.Release|Win32.ActiveCfg = Release|Win32
		{449D15D0-B3B9-4195-AB9C-E205FF77ABBE}.Release|Win32.Build.0 = Release|Win32
		{449D15D0-B3B9-4195-AB9C-E205FF77ABBE}.Release|x64.ActiveCfg = Release|Win32
		{449D15D0-B3B9-4195-AB9C-E205FF77ABBE}.ReleaseAD|Win32.ActiveCfg = Release|Win32
		{449D15D0-B3B9-4195-AB9C-E205FF77ABBE}.ReleaseAD|Win32.Build.0 = Release|Win32
		{449D15D0-B3B9-4195-AB9C-E205FF77ABBE}.ReleaseAD|x64.ActiveCfg = Release|Win32
		{449D15D0-B3B9-4195-AB9C-E205FF77ABBE}.ReleaseAS|Win32.ActiveCfg = Release|Win32
		{449D15D0-B3B9-4195-AB9C-E205FF77ABBE}.ReleaseAS|Win32.Build.0 = Release|Win32
		{449D15D0-B3B9-4195-AB9C-E205FF77ABBE}.ReleaseAS|x64.ActiveCfg = Release|Win32
		{29E1FE24-1C69-4E6B-945D-02544988A5FA}.Debug|Win32.ActiveCfg = Debug|Win32
		{29E1FE24-1C69-4E6B-945D-02544988A5FA}.Debug|Win32.Build.0 = Debug|Win32
		{29E1FE24-1C69-4E6B-945D-02544988A5FA}.Debug|x64.ActiveCfg = Debug|Win32
		{29E1FE24-1C69-4E6B-945D-02544988A5FA}.DebugAD|Win32.ActiveCfg = Debug|Win32
		{29E1FE24-1C69-4E6B-945D-02544988A5FA}.DebugAD|Win32.Build.0 = Debug|Win32
		{29E1FE24-1C69-4E6B-945D-02544988A5FA}.DebugAD|x64.ActiveCfg = Debug|Win32
		{29E1FE24-1C69-4E6B-945D-02544988A5FA}.DebugAS|Win32.ActiveCfg = Debug|Win32
		{29E1FE24-1C69-4E6B-945D-02544988A5FA}.DebugAS|Win32.Build.0 = Debug|Win32
		{29E1FE24-1C69-4E6B-945D-02544988A5FA}.DebugAS|x64.ActiveCfg = Debug|Win32
		{29E1FE24-1C69-4E6B-945D-02544988A5FA}.Release|Win32.ActiveCfg = Release|Win32
		{29E1FE24-1C69-4E6B-945D-02544988A5FA}.Release|Win32.Build.0 = Release|Win32
		{29E1FE24-1C69-4E6B-945D-02544988A5FA}.Release|x64.ActiveCfg = Release|Win32
		{29E1FE24-1C69-4E6B-945D-02544988A5FA}.ReleaseAD|Win32.ActiveCfg = Release|Win32
		{29E1FE24-1C69-4E6B-945D-02544988A5FA}.ReleaseAD|Win32.Build.0 = Release|Win32
		{29E1FE24-1C69-4E6B-945D-02544988A5FA}.ReleaseAD|x64.ActiveCfg = Release|Win32
		{29E1FE24-1C69-4E6B-945D-02544988A5FA}.ReleaseAS|Win32.ActiveCfg = Release|Win32
		{29E1FE24-1C69-4E6B-945D-02544988A5FA}.ReleaseAS|Win32.Build.0 = Release|Win32
		{29E1FE24-1C69-4E6B-945D-02544988A5FA}.ReleaseAS|x64.ActiveCfg = Release|Win32
		{485F08B8-BAD4-47C1-8B49-17B9949B123E}.Debug|Win32.ActiveCfg = Debug|Win32
		{485F08B8-BAD4-47C1-8B49-17B9949B123E}.Debug|Win32.Build.0 = Debug|Win32
		{485F08B8-BAD4-47C1-8B49-17B9949B123E}.Debug|x64.ActiveCfg = Debug|Win32
		{485F08B8-BAD4-47C1-8B49-17B9949B123E}.DebugAD|Win32.ActiveCfg = Debug|Win32
		{485F08B8-BAD4-47C1-8B49-17B9949B123E}.DebugAD|Win32.Build.0 = Debug|Win32
		{485F08B8-BAD4-47C1-8B49-17B9949B123E}.DebugAD|x64.ActiveCfg = Debug|Win32
		{485F08B8-BAD4-47C1-8B49-17B9949B123E}.DebugAS|Win32.ActiveCfg = Debug|Win32
		{485F08B8-BAD4-47C1-8B49-17B9949B123E}.DebugAS|Win32.Build.0 = Debug|Win32
		{485F08B8-BAD4-47C1-8B49-17B9949B123E}.DebugAS|x64.ActiveCfg = Debug|Win32
		{485F08B8-BAD4-47C1-8B49-17B9949B123E}.Release|Win32.ActiveCfg = Release|Win32
		{485F08B8-BAD4-47C1-8B49-17B9949B123E}.Release|Win32.Build.0 = Release|Win32
		{485F08B8-BAD4-47C1-8B49-17B9949B123E}.Release|x64.ActiveCfg = Release|Win32
		{485F08B8-BAD4-47C1-8B49-17B9949B123E}.ReleaseAD|Win32.ActiveCfg = Release|Win32
		{485F08B8-BAD4-47C1-8B49-17B9949B123E}.ReleaseAD|Win32.Build.0 = Release|Win32
		{485F08B8-BAD4-47C1-8B49-17B9949B123E}.ReleaseAD|x64.ActiveCfg = Release|Win32
		{485F08B8-BAD4-47C1-8B49-17B9949B123E}.ReleaseAS|Win32.ActiveCfg = Release|Win32
		{485F08B8-BAD4-47C1-8B49-17B9949B123E}.ReleaseAS|Win32.Build.0 = Release|Win32
		{485F08B8-BAD4-47C1-8B49-17B9949B123E}.ReleaseAS|x64.ActiveCfg = Release|Win32
		{DA729B06-9097-4DA6-A86C-E97BC843B7C2}.Debug|Win32.ActiveCfg = Debug|Win32
		{DA729B06-9097-4DA6-A86C-E97BC843B7C2}.Debug|Win32.Build.0 = Debug|Win32
		{DA729B06-9097-4DA6-A86C-E97BC843B7C2}.Debug|x64.ActiveCfg = Debug|Win32
		{DA729B06-9097-4DA6-A86C-E97BC843B7C2}.DebugAD|Win32.ActiveCfg = Debug|Win32
		{DA729B06-9097-4DA6-A86C-E97BC843B7C2}.DebugAD|Win32.Build.0 = Debug|Win32
		{DA729B06-9097-4DA6-A86C-E97BC843B7C2}.DebugAD|x64.ActiveCfg = Debug|Win32
		{DA729B06-9097-4DA6-A86C-E97BC843B7C2}.DebugAS|Win32.ActiveCfg = Debug|Win32
		{DA729B06-9097-4DA6-A86C-E97BC843B7C2}.DebugAS|Win32.Build.0 = Debug|Win32
		{DA729B06-9097-4DA6-A86C-E97BC843B7C2}.DebugAS|x64.ActiveCfg = Debug|Win32
		{DA729B06-9097-4DA6-A86C-E97BC843B7C2}.Release|Win32.ActiveCfg = Release|Win32
		{DA729B06-9097-4DA6-A86C-E97BC843B7C2}.Release|Win32.Build.0 = Release|Win32
		{DA729B06-9097-4DA6-A86C-E97BC843B7C2}.Release|x64.ActiveCfg = Release|Win32
		{DA729B06-9097-4DA6-A86C-E97BC843B7C2}.ReleaseAD|Win32.ActiveCfg = Release|Win32
		{DA729B06-9097-4DA6-A86C-E97BC843B7C2}.ReleaseAD|Win32.Build.0 = Release|Win32
		{DA729B06-9097-4DA6-A86C-E97BC843B7C2}.ReleaseAD|x64.ActiveCfg = Release|Win32
		{DA729B06-9097-4DA6-A86C-E97BC843B7C2}.ReleaseAS|Win32.ActiveCfg = Release|Win32
		{DA729B06-9097-4DA6-A86C-E97BC843B7C2}.ReleaseAS|Win32.Build.0 = Release|Win32
		{DA729B06-9097-4DA6-A86C-E97BC843B7C2}.ReleaseAS|x64.ActiveCfg = Release|Win32
		{23AFA1F9-A301-4123-81D8-777D3DE349C4}.Debug|Win32.ActiveCfg = Debug|Win32
		{23AFA1F9-A301-4123-81D8-777D3DE349C4}.Debug|Win32.Build.0 = Debug|Win32
		{23AFA1F9-A301-4123-81D8-777D3DE349C4}.Debug|x64.ActiveCfg = Debug|Win32
		{23AFA1F9-A301-4123-81D8-777D3DE349C4}.DebugAD|Win32.ActiveCfg = Debug|Win32
		{23AFA1F9-A301-4123-81D8-777D3DE349C4}.DebugAD|Win32.Build.0 = Debug|Win32
		{23AFA1F9-A301-4123-81D8-777D3DE349C4}.DebugAD|x64.ActiveCfg = Debug|Win32
		{23AFA1F9-A301-4123-81D8-777D3DE349C4}.DebugAS|Win32.ActiveCfg = Debug|Win32
		{23AFA1F9-A301-4123-81D8-777D3DE349C4}.DebugAS|Win32.Build.0 = Debug|Win32
		{23AFA1F9-A301-4123-81D8-777D3DE349C4}.DebugAS|x64.ActiveCfg = Debug|Win32
		{23AFA1F9-A301-4123-81D8-777D3DE349C4}.Release|Win32.ActiveCfg = Release|Win32
		{23AFA1F9-A301-4123-81D8-777D3DE349C4}.Release|Win32.Build.0 = Release|Win32
		{23AFA1F9-A301-4123-81D8-777D3DE349C4}.Release|x64.ActiveCfg = Release|Win32
		{23AFA1F9-A301-4123-81D8-777D3DE349C4}.ReleaseAD|Win32.ActiveCfg = Release|Win32
		{23AFA1F9-A301-4123-81D8-777D3DE349C4}.ReleaseAD|Win32.Build.0 = Release|Win32
		{23AFA1F9-A301-4123-81D8-777D3DE349C4}.ReleaseAD|x64.ActiveCfg = Release|Win32
		{23AFA1F9-A301-4123-81D8-777D3DE349C4}.ReleaseAS|Win32.ActiveCfg = Release|Win32
		{23AFA1F9-A301-4123-81D8-777D3DE349C4}.ReleaseAS|Win32.Build.0 = Release|Win32
		{23AFA1F9-A301-4123-81D8-777D3DE349C4}.ReleaseAS|x64.ActiveCfg = Release|Win32
		{467226FB-7838-43FF-8ECA-199FAEA760D6}.Debug|Win32.ActiveCfg = Debug|Win32
		{467226FB-7838-43FF-8ECA-199FAEA760D6}.Debug|Win32.Build.0 = Debug|Win32
		{467226FB-7838-43FF-8ECA-199FAEA760D6}.Debug|x64.ActiveCfg = Debug|Win32
		{467226FB-7838-43FF-8ECA-199FAEA760D6}.DebugAD|Win32.ActiveCfg = Debug|Win32
		{467226FB-7838-43FF-8ECA-199FAEA760D6}.DebugAD|Win32.Build.0 = Debug|Win32
		{467226FB-7838-43FF-8ECA-199FAEA760D6}.DebugAD|x64.ActiveCfg = Debug|Win32
		{467226FB-7838-43FF-8ECA-199FAEA760D6}.DebugAS|Win32.ActiveCfg = Debug|Win32
		{467226FB-7838-43FF-8ECA-199FAEA760D6}.DebugAS|Win32.Build.0 = Debug|Win32
		{467226FB-7838-43FF-8ECA-199FAEA760D6}.DebugAS|x64.ActiveCfg = Debug|Win32
		{467226FB-7838-43FF-8ECA-199FAEA760D6}.Release|Win32.ActiveCfg = Release|Win32
		{467226FB-7838-43FF-8ECA-199FAEA760D6}.Release|Win32.Build.0 = Release|Win32
		{467226FB-7838-43FF-8ECA-199FAEA760D6}.Release|x64.ActiveCfg = Release|Win32
		{467226FB-7838-43FF-8ECA-199FAEA760D6}.ReleaseAD|Win32.ActiveCfg = Release|Win32
		{467226FB-7838-43FF-8ECA-199FAEA760D6}.ReleaseAD|Win32.Build.0 = Release|Win32
		{467226FB-7838-43FF-8ECA-199FAEA760D6}.ReleaseAD|x64.ActiveCfg = Release|Win32
		{467226FB-7838-43FF-8ECA-199FAEA760D6}.ReleaseAS|Win32.ActiveCfg = Release|Win32
		{467226FB-7838-43FF-8ECA-199FAEA760D6}.ReleaseAS|Win32.Build.0 = Release|Win32
		{467226FB-7838-43FF-8ECA-199FAEA760D6}.ReleaseAS|x64.ActiveCfg = Release|Win32
		{594C9AA1-A759-4DEB-A6E4-F079A5DFBA31}.Debug|Win32.ActiveCfg = Debug|Win32
		{594C9AA1-A759-4DEB-A6E4-F079A5DFBA31}.Debug|Win32.Build.0 = Debug|Win32
		{594C9AA1-A759-4DEB-A6E4-F079A5DFBA31}.Debug|x64.ActiveCfg = Debug|Win32
		{594C9AA1-A759-4DEB-A6E4-F079A5DFBA31}.DebugAD|Win32.ActiveCfg = Debug|Win32
		{594C9AA1-A759-4DEB-A6E4-F079A5DFBA31}.DebugAD|Win32.Build.0 = Debug|Win32
		{594C9AA1-A759-4DEB-A6E4-F079A5DFBA31}.DebugAD|x64.ActiveCfg = Debug|Win32
		{594C9AA1-A759-4DEB-A6E4-F079A5DFBA31}.DebugAS|Win32.ActiveCfg = Debug|Win32
		{594C9AA1-A759-4DEB-A6E4-F079A5DFBA31}.DebugAS|Win32.Build.0 = Debug|Win32
		{594C9AA1-A759-4DEB-A6E4-F079A5DFBA31}.DebugAS|x64.ActiveCfg = Debug|Win32
		{594C9AA1-A759-4DEB-A6E4-F079A5DFBA31}.Release|Win32.ActiveCfg = Release|Win32
		{594C9AA1-A759-4DEB-A6E4-F079A5DFBA31}.Release|Win32.Build.0 = Release|Win32
		{594C9AA1-A759-4DEB-A6E4-F079A5DFBA31}.Release|x64.ActiveCfg = Release|Win32
		{594C9AA1-A759-4DEB-A6E4-F079A5DFBA31}.ReleaseAD|Win32.ActiveCfg = Release|Win32
		{594C9AA1-A759-4DEB-A6E4-F079A5DFBA31}.ReleaseAD|Win32.Build.0 = Release|Win32
		{594C9AA1-A759-4DEB-A6E4-F079A5DFBA31}.ReleaseAD|x64.ActiveCfg = Release|Win32
		{594C9AA1-A759-4DEB-A6E4-F079A5DFBA31}.ReleaseAS|Win32.ActiveCfg = Release|Win32
		{594C9AA1-A759-4DEB-A6E4-F079A5DFBA31}.ReleaseAS|Win32.Build.0 = Release|Win32
		{594C9AA1-A759-4DEB-A6E4-F079A5DFBA31}.ReleaseAS|x64.ActiveCfg = Release|Win32
		{3C86FD37-9872-4302-A502-740E7D028D3A}.Debug|Win32.ActiveCfg = Debug|Win32
		{3C86FD37-9872-4302-A502-740E7D028D3A}.Debug|Win32.Build.0 = Debug|Win32
		{3C86FD37-9872-4302-A502-740E7D028D3A}.Debug|x64.ActiveCfg = Debug|Win32
		{3C86FD37-9872-4302-A502-740E7D028D3A}.DebugAD|Win32.ActiveCfg = Debug|Win32
		{3C86FD37-9872-4302-A502-740E7D028D3A}.DebugAD|x64.ActiveCfg = Debug|Win32
		{3C86FD37-9872-4302-A502-740E7D028D3A}.DebugAS|Win32.ActiveCfg = Debug|Win32
		{3C86FD37-9872-4302-A502-740E7D028D3A}.DebugAS|x64.ActiveCfg = Debug|Win32
		{3C86FD37-9872-4302-A502-740E7D028D3A}.Release|Win32.ActiveCfg = Release|Win32
		{3C86FD37-9872-4302-A502-740E7D028D3A}.Release|Win32.Build.0 = Release|Win32
		{3C86FD37-9872-4302-A502-740E7D028D3A}.Release|x64.ActiveCfg = Release|Win32
		{3C86FD37-9872-4302-A502-740E7D028D3A}.ReleaseAD|Win32.ActiveCfg = Release|Win32
		{3C86FD37-9872-4302-A502-740E7D028D3A}.ReleaseAD|x64.ActiveCfg = Release|Win32
		{3C86FD37-9872-4302-A502-740E7D028D3A}.ReleaseAS|Win32.ActiveCfg = Release|Win32
		{3C86FD37-9872-4302-A502-740E7D028D3A}.ReleaseAS|x64.ActiveCfg = Release|Win32
		{8D3CF9B7-05F2-4BCF-B833-27B279FDEAF3}.Debug|Win32.ActiveCfg = Debug|Win32
		{8D3CF9B7-05F2-4BCF-B833-27B279FDEAF3}.Debug|Win32.Build.0 = Debug|Win32
		{8D3CF9B7-05F2-4BCF-B833-27B279FDEAF3}.Debug|x64.ActiveCfg = Debug|Win32
		{8D3CF9B7-05F2-4BCF-B833-27B279FDEAF3}.DebugAD|Win32.ActiveCfg = Debug|Win32
		{8D3CF9B7-05F2-4BCF-B833-27B279FDEAF3}.DebugAD|Win32.Build.0 = Debug|Win32
		{8D3CF9B7-05F2-4BCF-B833-27B279FDEAF3}.DebugAD|x64.ActiveCfg = Debug|Win32
		{8D3CF9B7-05F2-4BCF-B833-27B279FDEAF3}.DebugAS|Win32.ActiveCfg = Debug|Win32
		{8D3CF9B7-05F2-4BCF-B833-27B279FDEAF3}.DebugAS|Win32.Build.0 = Debug|Win32
		{8D3CF9B7-05F2-4BCF-B833-27B279FDEAF3}.DebugAS|x64.ActiveCfg = Debug|Win32
		{8D3CF9B7-05F2-4BCF-B833-27B279FDEAF3}.Release|Win32.ActiveCfg = Release|Win32
		{8D3CF9B7-05F2-4BCF-B833-27B279FDEAF3}.Release|Win32.Build.0 = Release|Win32
		{8D3CF9B7-05F2-4BCF-B833-27B279FDEAF3}.Release|x64.ActiveCfg = Release|Win32
		{8D3CF9B7-05F2-4BCF-B833-27B279FDEAF3}.ReleaseAD|Win32.ActiveCfg = Release|Win32
		{8D3CF9B7-05F2-4BCF-B833-27B279FDEAF3}.ReleaseAD|Win32.Build.0 = Release|Win32
		{8D3CF9B7-05F2-4BCF-B833-27B279FDEAF3}.ReleaseAD|x64.ActiveCfg = Release|Win32
		{8D3CF9B7-05F2-4BCF-B833-27B279FDEAF3}.ReleaseAS|Win32.ActiveCfg = Release|Win32
		{8D3CF9B7-05F2-4BCF-B833-27B279FDEAF3}.ReleaseAS|Win32.Build.0 = Release|Win32
		{8D3CF9B7-05F2-4BCF-B833-27B279FDEAF3}.ReleaseAS|x64.ActiveCfg = Release|Win32
		{8D43785F-8B15-42AA-A8D1-6DE482FC06B8}.Debug|Win32.ActiveCfg = Debug|Win32
		{8D43785F-8B15-42AA-A8D1-6DE482FC06B8}.Debug|Win32.Build.0 = Debug|Win32
		{8D43785F-8B15-42AA-A8D1-6DE482FC06B8}.Debug|x64.ActiveCfg = Debug|Win32
		{8D43785F-8B15-42AA-A8D1-6DE482FC06B8}.DebugAD|Win32.ActiveCfg = Debug|Win32
		{8D43785F-8B15-42AA-A8D1-6DE482FC06B8}.DebugAD|Win32.Build.0 = Debug|Win32
		{8D43785F-8B15-42AA-A8D1-6DE482FC06B8}.DebugAD|x64.ActiveCfg = Debug|Win32
		{8D43785F-8B15-42AA-A8D1-6DE482FC06B8}.DebugAS|Win32.ActiveCfg = Debug|Win32
		{8D43785F-8B15-42AA-A8D1-6DE482FC06B8}.DebugAS|Win32.Build.0 = Debug|Win32
		{8D43785F-8B15-42AA-A8D1-6DE482FC06B8}.DebugAS|x64.ActiveCfg = Debug|Win32
		{8D43785F-8B15-42AA-A8D1-6DE482FC06B8}.Release|Win32.ActiveCfg = Release|Win32
		{8D43785F-8B15-42AA-A8D1-6DE482FC06B8}.Release|Win32.Build.0 = Release|Win32
		{8D43785F-8B15-42AA-A8D1-6DE482FC06B8}.Release|x64.ActiveCfg = Release|Win32
		{8D43785F-8B15-42AA-A8D1-6DE482FC06B8}.ReleaseAD|Win32.ActiveCfg = Release|Win32
		{8D43785F-8B15-42AA-A8D1-6DE482FC06B8}.ReleaseAD|Win32.Build.0 = Release|Win32
		{8D43785F-8B15-42AA-A8D1-6DE482FC06B8}.ReleaseAD|x64.ActiveCfg = Release|Win32
		{8D43785F-8B15-42AA-A8D1-6DE482FC06B8}.ReleaseAS|Win32.ActiveCfg = Release|Win32
		{8D43785F-8B15-42AA-A8D1-6DE482FC06B8}.ReleaseAS|Win32.Build.0 = Release|Win32
		{8D43785F-8B15-42AA-A8D1-6DE482FC06B8}.ReleaseAS|x64.ActiveCfg = Release|Win32
		{A2F9FB91-326B-4214-A988-AA1832D590CE}.Debug|Win32.ActiveCfg = Debug|Win32
		{A2F9FB91-326B-4214-A988-AA1832D590CE}.Debug|Win32.Build.0 = Debug|Win32
		{A2F9FB91-326B-4214-A988-AA1832D590CE}.Debug|x64.ActiveCfg = Debug|Win32
		{A2F9FB91-326B-4214-A988-AA1832D590CE}.DebugAD|Win32.ActiveCfg = Debug|Win32
		{A2F9FB91-326B-4214-A988-AA1832D590CE}.DebugAD|Win32.Build.0 = Debug|Win32
		{A2F9FB91-326B-4214-A988-AA1832D590CE}.DebugAD|x64.ActiveCfg = Debug|Win32
		{A2F9FB91-326B-4214-A988-AA1832D590CE}.DebugAS|Win32.ActiveCfg = Debug|Win32
		{A2F9FB91-326B-4214-A988-AA1832D590CE}.DebugAS|Win32.Build.0 = Debug|Win32
		{A2F9FB91-326B-4214-A988-AA1832D590CE}.DebugAS|x64.ActiveCfg = Debug|Win32
		{A2F9FB91-326B-4214-A988-AA1832D590CE}.Release|Win32.ActiveCfg = Release|Win32
		{A2F9FB91-326B-4214-A988-AA1832D590CE}.Release|Win32.Build.0 = Release|Win32
		{A2F9FB91-326B-4214-A988-AA1832D590CE}.Release|x64.ActiveCfg = Release|Win32
		{A2F9FB91-326B-4214-A988-AA1832D590CE}.ReleaseAD|Win32.ActiveCfg = Release|Win32
		{A2F9FB91-326B-4214-A988-AA1832D590CE}.ReleaseAD|Win32.Build.0 = Release|Win32
		{A2F9FB91-326B-4214-A988-AA1832D590CE}.ReleaseAD|x64.ActiveCfg = Release|Win32
		{A2F9FB91-326B-4214-A988-AA1832D590CE}.ReleaseAS|Win32.ActiveCfg = Release|Win32
		{A2F9FB91-326B-4214-A988-AA1832D590CE}.ReleaseAS|Win32.Build.0 = Release|Win32
		{A2F9FB91-326B-4214-A988-AA1832D590CE}.ReleaseAS|x64.ActiveCfg = Release|Win32
		{78424708-1F6E-4D4B-920C-FB6D26847055}.Debug|Win32.ActiveCfg = DebugAS|Win32
		{78424708-1F6E-4D4B-920C-FB6D26847055}.Debug|Win32.Build.0 = DebugAS|Win32
		{78424708-1F6E-4D4B-920C-FB6D26847055}.Debug|x64.ActiveCfg = DebugAS|x64
		{78424708-1F6E-4D4B-920C-FB6D26847055}.Debug|x64.Build.0 = DebugAS|x64
		{78424708-1F6E-4D4B-920C-FB6D26847055}.DebugAD|Win32.ActiveCfg = DebugAD|Win32
		{78424708-1F6E-4D4B-920C-FB6D26847055}.DebugAD|Win32.Build.0 = DebugAD|Win32
		{78424708-1F6E-4D4B-920C-FB6D26847055}.DebugAD|x64.ActiveCfg = DebugAD|x64
		{78424708-1F6E-4D4B-920C-FB6D26847055}.DebugAD|x64.Build.0 = DebugAD|x64
		{78424708-1F6E-4D4B-920C-FB6D26847055}.DebugAS|Win32.ActiveCfg = DebugAS|Win32
		{78424708-1F6E-4D4B-920C-FB6D26847055}.DebugAS|Win32.Build.0 = DebugAS|Win32
		{78424708-1F6E-4D4B-920C-FB6D26847055}.DebugAS|x64.ActiveCfg = DebugAS|x64
		{78424708-1F6E-4D4B-920C-FB6D26847055}.DebugAS|x64.Build.0 = DebugAS|x64
		{78424708-1F6E-4D4B-920C-FB6D26847055}.Release|Win32.ActiveCfg = ReleaseAD|Win32
		{78424708-1F6E-4D4B-920C-FB6D26847055}.Release|Win32.Build.0 = ReleaseAD|Win32
		{78424708-1F6E-4D4B-920C-FB6D26847055}.Release|x64.ActiveCfg = ReleaseAD|x64
		{78424708-1F6E-4D4B-920C-FB6D26847055}.Release|x64.Build.0 = ReleaseAD|x64
		{78424708-1F6E-4D4B-920C-FB6D26847055}.ReleaseAD|Win32.ActiveCfg = ReleaseAD|Win32
		{78424708-1F6E-4D4B-920C-FB6D26847055}.ReleaseAD|Win32.Build.0 = ReleaseAD|Win32
		{78424708-1F6E-4D4B-920C-FB6D26847055}.ReleaseAD|x64.ActiveCfg = ReleaseAD|x64
		{78424708-1F6E-4D4B-920C-FB6D26847055}.ReleaseAD|x64.Build.0 = ReleaseAD|x64
		{78424708-1F6E-4D4B-920C-FB6D26847055}.ReleaseAS|Win32.ActiveCfg = ReleaseAS|Win32
		{78424708-1F6E-4D4B-920C-FB6D26847055}.ReleaseAS|Win32.Build.0 = ReleaseAS|Win32
		{78424708-1F6E-4D4B-920C-FB6D26847055}.ReleaseAS|x64.ActiveCfg = ReleaseAS|x64
		{78424708-1F6E-4D4B-920C-FB6D26847055}.ReleaseAS|x64.Build.0 = ReleaseAS|x64
	EndGlobalSection
	GlobalSection(SolutionProperties) = preSolution
		HideSolutionNode = FALSE
	EndGlobalSection
EndGlobal
