Microsoft Visual Studio Solution File, Format Version 11.00
# Visual Studio 2010
Project("{8BC9CEB8-8B4A-11D0-8D11-00A0C91BC942}") = "bzip2", "VC100\bzip2.vcxproj", "{BC139E42-505E-430B-8610-6ED2B1E358E8}"
EndProject
Project("{8BC9CEB8-8B4A-11D0-8D11-00A0C91BC942}") = "StormLib", "VC100\StormLib.vcxproj", "{78424708-1F6E-4D4B-920C-FB6D26847055}"
	ProjectSection(ProjectDependencies) = postProject
		{BC139E42-505E-430B-8610-6ED2B1E358E8} = {BC139E42-505E-430B-8610-6ED2B1E358E8}
	EndProjectSection
EndProject
Project("{8BC9CEB8-8B4A-11D0-8D11-00A0C91BC942}") = "loadlib", "VC100\loadlib.vcxproj", "{29E1FE24-1C69-4E6B-945D-02544988A5FA}"
	ProjectSection(ProjectDependencies) = postProject
		{8D3CF9B7-05F2-4BCF-B833-27B279FDEAF3} = {8D3CF9B7-05F2-4BCF-B833-27B279FDEAF3}
	EndProjectSection
EndProject
Project("{8BC9CEB8-8B4A-11D0-8D11-00A0C91BC942}") = "map-extractor", "VC100\map-extractor.vcxproj", "{356A660D-07F5-4744-A423-E0128E7874A3}"
	ProjectSection(ProjectDependencies) = postProject
		{29E1FE24-1C69-4E6B-945D-02544988A5FA} = {29E1FE24-1C69-4E6B-945D-02544988A5FA}
		{BC139E42-505E-430B-8610-6ED2B1E358E8} = {BC139E42-505E-430B-8610-6ED2B1E358E8}
		{8D3CF9B7-05F2-4BCF-B833-27B279FDEAF3} = {8D3CF9B7-05F2-4BCF-B833-27B279FDEAF3}
		{449D15D0-B3B9-4195-AB9C-E205FF77ABBE} = {449D15D0-B3B9-4195-AB9C-E205FF77ABBE}
	EndProjectSection
EndProject
Project("{8BC9CEB8-8B4A-11D0-8D11-00A0C91BC942}") = "zlib", "VC100\zlib.vcxproj", "{8D3CF9B7-05F2-4BCF-B833-27B279FDEAF3}"
EndProject
Project("{8BC9CEB8-8B4A-11D0-8D11-00A0C91BC942}") = "CopytoOutput", "VC100\CopytoOutput.vcxproj", "{8D43785F-8B15-42AA-A8D1-6DE482FC06B8}"
	ProjectSection(ProjectDependencies) = postProject
		{356A660D-07F5-4744-A423-E0128E7874A3} = {356A660D-07F5-4744-A423-E0128E7874A3}
		{9CF8718E-A789-4DFC-9317-701671EC620E} = {9CF8718E-A789-4DFC-9317-701671EC620E}
		{485F08B8-BAD4-47C1-8B49-17B9949B123E} = {485F08B8-BAD4-47C1-8B49-17B9949B123E}
		{D80713DC-AF9C-424D-AA8A-204090DA6E5B} = {D80713DC-AF9C-424D-AA8A-204090DA6E5B}
		{DC1E54E3-D6B3-454F-B5BE-D7ACA2D13C0D} = {DC1E54E3-D6B3-454F-B5BE-D7ACA2D13C0D}
		{23AFA1F9-A301-4123-81D8-777D3DE349C4} = {23AFA1F9-A301-4123-81D8-777D3DE349C4}
	EndProjectSection
EndProject
Global
	GlobalSection(SolutionConfigurationPlatforms) = preSolution
		Debug|Win32 = Debug|Win32
		Release|Win32 = Release|Win32
	EndGlobalSection
	GlobalSection(ProjectConfigurationPlatforms) = postSolution
		{D7552D4F-408F-4F8E-859B-366659150CF4}.Debug|Win32.ActiveCfg = Debug|Win32
		{D7552D4F-408F-4F8E-859B-366659150CF4}.Debug|Win32.Build.0 = Debug|Win32
		{D7552D4F-408F-4F8E-859B-366659150CF4}.Release|Win32.ActiveCfg = Release|Win32
		{D7552D4F-408F-4F8E-859B-366659150CF4}.Release|Win32.Build.0 = Release|Win32
		{78424708-1F6E-4D4B-920C-FB6D26847055}.Debug|Win32.ActiveCfg = DebugAS|Win32
		{78424708-1F6E-4D4B-920C-FB6D26847055}.Debug|Win32.Build.0 = DebugAS|Win32
		{78424708-1F6E-4D4B-920C-FB6D26847055}.Release|Win32.ActiveCfg = ReleaseAS|Win32
		{78424708-1F6E-4D4B-920C-FB6D26847055}.Release|Win32.Build.0 = ReleaseAS|Win32
	EndGlobalSection
	GlobalSection(SolutionProperties) = preSolution
		HideSolutionNode = FALSE
	EndGlobalSection
EndGlobal
