Microsoft Visual Studio Solution File, Format Version 12.00
# Visual Studio 2013
Project("{8BC9CEB8-8B4A-11D0-8D11-00A0C91BC942}") = "bzip2", "VC120\bzip2.vcxproj", "{BC139E42-505E-430B-8610-6ED2B1E358E8}"
EndProject
Project("{8BC9CEB8-8B4A-11D0-8D11-00A0C91BC942}") = "StormLib", "VC120\StormLib.vcxproj", "{78424708-1F6E-4D4B-920C-FB6D26847055}"
	ProjectSection(ProjectDependencies) = postProject
		{BC139E42-505E-430B-8610-6ED2B1E358E8} = {BC139E42-505E-430B-8610-6ED2B1E358E8}
	EndProjectSection
EndProject
Project("{8BC9CEB8-8B4A-11D0-8D11-00A0C91BC942}") = "loadlib", "VC120\loadlib.vcxproj", "{29E1FE24-1C69-4E6B-945D-02544988A5FA}"
	ProjectSection(ProjectDependencies) = postProject
		{8D3CF9B7-05F2-4BCF-B833-27B279FDEAF3} = {8D3CF9B7-05F2-4BCF-B833-27B279FDEAF3}
	EndProjectSection
EndProject
Project("{8BC9CEB8-8B4A-11D0-8D11-00A0C91BC942}") = "map-extractor", "VC120\map-extractor.vcxproj", "{356A660D-07F5-4744-A423-E0128E7874A3}"
	ProjectSection(ProjectDependencies) = postProject
		{29E1FE24-1C69-4E6B-945D-02544988A5FA} = {29E1FE24-1C69-4E6B-945D-02544988A5FA}
		{BC139E42-505E-430B-8610-6ED2B1E358E8} = {BC139E42-505E-430B-8610-6ED2B1E358E8}
		{8D3CF9B7-05F2-4BCF-B833-27B279FDEAF3} = {8D3CF9B7-05F2-4BCF-B833-27B279FDEAF3}
	EndProjectSection
EndProject
Project("{8BC9CEB8-8B4A-11D0-8D11-00A0C91BC942}") = "zlib", "VC120\zlib.vcxproj", "{8D3CF9B7-05F2-4BCF-B833-27B279FDEAF3}"
EndProject
Project("{8BC9CEB8-8B4A-11D0-8D11-00A0C91BC942}") = "CopytoOutput", "VC120\CopytoOutput.vcxproj", "{8D43785F-8B15-42AA-A8D1-6DE482FC06B8}"
	ProjectSection(ProjectDependencies) = postProject
		{356A660D-07F5-4744-A423-E0128E7874A3} = {356A660D-07F5-4744-A423-E0128E7874A3}
	EndProjectSection
EndProject
Global
	GlobalSection(SolutionConfigurationPlatforms) = preSolution
		Debug|Win32 = Debug|Win32
		Release|Win32 = Release|Win32
	EndGlobalSection
	GlobalSection(ProjectConfigurationPlatforms) = postSolution
		{BC139E42-505E-430B-8610-6ED2B1E358E8}.Debug|Win32.ActiveCfg = Debug|Win32
		{BC139E42-505E-430B-8610-6ED2B1E358E8}.Debug|Win32.Build.0 = Debug|Win32
		{BC139E42-505E-430B-8610-6ED2B1E358E8}.Release|Win32.ActiveCfg = Release|Win32
		{BC139E42-505E-430B-8610-6ED2B1E358E8}.Release|Win32.Build.0 = Release|Win32
		{78424708-1F6E-4D4B-920C-FB6D26847055}.Debug|Win32.ActiveCfg = DebugAS|Win32
		{78424708-1F6E-4D4B-920C-FB6D26847055}.Debug|Win32.Build.0 = DebugAS|Win32
		{78424708-1F6E-4D4B-920C-FB6D26847055}.Release|Win32.ActiveCfg = ReleaseAS|Win32
		{78424708-1F6E-4D4B-920C-FB6D26847055}.Release|Win32.Build.0 = ReleaseAS|Win32
		{29E1FE24-1C69-4E6B-945D-02544988A5FA}.Debug|Win32.ActiveCfg = Debug|Win32
		{29E1FE24-1C69-4E6B-945D-02544988A5FA}.Debug|Win32.Build.0 = Debug|Win32
		{29E1FE24-1C69-4E6B-945D-02544988A5FA}.Release|Win32.ActiveCfg = Release|Win32
		{29E1FE24-1C69-4E6B-945D-02544988A5FA}.Release|Win32.Build.0 = Release|Win32
		{356A660D-07F5-4744-A423-E0128E7874A3}.Debug|Win32.ActiveCfg = Debug|Win32
		{356A660D-07F5-4744-A423-E0128E7874A3}.Debug|Win32.Build.0 = Debug|Win32
		{356A660D-07F5-4744-A423-E0128E7874A3}.Release|Win32.ActiveCfg = Release|Win32
		{356A660D-07F5-4744-A423-E0128E7874A3}.Release|Win32.Build.0 = Release|Win32
		{8D3CF9B7-05F2-4BCF-B833-27B279FDEAF3}.Debug|Win32.ActiveCfg = Debug|Win32
		{8D3CF9B7-05F2-4BCF-B833-27B279FDEAF3}.Debug|Win32.Build.0 = Debug|Win32
		{8D3CF9B7-05F2-4BCF-B833-27B279FDEAF3}.Release|Win32.ActiveCfg = Release|Win32
		{8D3CF9B7-05F2-4BCF-B833-27B279FDEAF3}.Release|Win32.Build.0 = Release|Win32
		{8D43785F-8B15-42AA-A8D1-6DE482FC06B8}.Debug|Win32.ActiveCfg = Debug|Win32
		{8D43785F-8B15-42AA-A8D1-6DE482FC06B8}.Debug|Win32.Build.0 = Debug|Win32
		{8D43785F-8B15-42AA-A8D1-6DE482FC06B8}.Release|Win32.ActiveCfg = Release|Win32
		{8D43785F-8B15-42AA-A8D1-6DE482FC06B8}.Release|Win32.Build.0 = Release|Win32
	EndGlobalSection
	GlobalSection(SolutionProperties) = preSolution
		HideSolutionNode = FALSE
	EndGlobalSection
EndGlobal
